
Microsoft Visual Studio Solution File, Format Version 12.00
# Visual Studio 15
VisualStudioVersion = 15.0.27428.2043
MinimumVisualStudioVersion = 10.0.40219.1
Project("{FAE04EC0-301F-11D3-BF4B-00C04F79EFBC}") = "JogoGourmet.Core", "JogoGourmet.Core\JogoGourmet.Core.csproj", "{203147D8-AA78-483B-94A3-F9ED0CBC3A4A}"
EndProject
Project("{FAE04EC0-301F-11D3-BF4B-00C04F79EFBC}") = "JogoGourmet.UI", "JogoGourmet.UI\JogoGourmet.UI.csproj", "{52AFDC91-DA25-4F5B-A439-62D165F94698}"
EndProject
Project("{FAE04EC0-301F-11D3-BF4B-00C04F79EFBC}") = "JogoGourmet.Resources", "JogoGourmet.Resources\JogoGourmet.Resources.csproj", "{A03DA836-103E-4F61-9030-AED4AE08BE6C}"
EndProject
Global
	GlobalSection(SolutionConfigurationPlatforms) = preSolution
		Debug|Any CPU = Debug|Any CPU
		Release|Any CPU = Release|Any CPU
	EndGlobalSection
	GlobalSection(ProjectConfigurationPlatforms) = postSolution
		{203147D8-AA78-483B-94A3-F9ED0CBC3A4A}.Debug|Any CPU.ActiveCfg = Debug|Any CPU
		{203147D8-AA78-483B-94A3-F9ED0CBC3A4A}.Debug|Any CPU.Build.0 = Debug|Any CPU
		{203147D8-AA78-483B-94A3-F9ED0CBC3A4A}.Release|Any CPU.ActiveCfg = Release|Any CPU
		{203147D8-AA78-483B-94A3-F9ED0CBC3A4A}.Release|Any CPU.Build.0 = Release|Any CPU
		{52AFDC91-DA25-4F5B-A439-62D165F94698}.Debug|Any CPU.ActiveCfg = Debug|Any CPU
		{52AFDC91-DA25-4F5B-A439-62D165F94698}.Debug|Any CPU.Build.0 = Debug|Any CPU
		{52AFDC91-DA25-4F5B-A439-62D165F94698}.Release|Any CPU.ActiveCfg = Release|Any CPU
		{52AFDC91-DA25-4F5B-A439-62D165F94698}.Release|Any CPU.Build.0 = Release|Any CPU
		{A03DA836-103E-4F61-9030-AED4AE08BE6C}.Debug|Any CPU.ActiveCfg = Debug|Any CPU
		{A03DA836-103E-4F61-9030-AED4AE08BE6C}.Debug|Any CPU.Build.0 = Debug|Any CPU
		{A03DA836-103E-4F61-9030-AED4AE08BE6C}.Release|Any CPU.ActiveCfg = Release|Any CPU
		{A03DA836-103E-4F61-9030-AED4AE08BE6C}.Release|Any CPU.Build.0 = Release|Any CPU
	EndGlobalSection
	GlobalSection(SolutionProperties) = preSolution
		HideSolutionNode = FALSE
	EndGlobalSection
	GlobalSection(ExtensibilityGlobals) = postSolution
		SolutionGuid = {3824B066-5563-4B4D-90E0-AE3B0E4025DA}
	EndGlobalSection
EndGlobal
